// !$*UTF8*$!
{
	archiveVersion = 1;
	classes = {
	};
	objectVersion = 55;
	objects = {

/* Begin PBXBuildFile section */
		3B2C25C9285603F00019E92A /* ohayo.mp4 in Resources */ = {isa = PBXBuildFile; fileRef = 3B2C25C8285603F00019E92A /* ohayo.mp4 */; };
		3B2C25CB285605150019E92A /* MainViewController.swift in Sources */ = {isa = PBXBuildFile; fileRef = 3B2C25CA285605150019E92A /* MainViewController.swift */; };
		3B65FDDF2855E92D0037B874 /* AppDelegate.swift in Sources */ = {isa = PBXBuildFile; fileRef = 3B65FDDE2855E92D0037B874 /* AppDelegate.swift */; };
		3B65FDE12855E92D0037B874 /* SceneDelegate.swift in Sources */ = {isa = PBXBuildFile; fileRef = 3B65FDE02855E92D0037B874 /* SceneDelegate.swift */; };
		3B65FDE32855E92D0037B874 /* LaunchScreen.swift in Sources */ = {isa = PBXBuildFile; fileRef = 3B65FDE22855E92D0037B874 /* LaunchScreen.swift */; };
		3B65FDE82855E92F0037B874 /* Assets.xcassets in Resources */ = {isa = PBXBuildFile; fileRef = 3B65FDE72855E92F0037B874 /* Assets.xcassets */; };
		3BA220B72857DFC500AEF859 /* longDance.mp4 in Resources */ = {isa = PBXBuildFile; fileRef = 3BA220B62857DFC500AEF859 /* longDance.mp4 */; };
		3BA220B92857E15500AEF859 /* dance.mp4 in Resources */ = {isa = PBXBuildFile; fileRef = 3BA220B82857E15500AEF859 /* dance.mp4 */; };
		3BA220BB2857E62500AEF859 /* dahlingOhayo.mp3 in Resources */ = {isa = PBXBuildFile; fileRef = 3BA220BA2857E62500AEF859 /* dahlingOhayo.mp3 */; };
		3BD340F528590BF80071EF08 /* hearteater.mp4 in Resources */ = {isa = PBXBuildFile; fileRef = 3BD340F428590BF80071EF08 /* hearteater.mp4 */; };
/* End PBXBuildFile section */

/* Begin PBXFileReference section */
		3B2C25C8285603F00019E92A /* ohayo.mp4 */ = {isa = PBXFileReference; lastKnownFileType = file; name = ohayo.mp4; path = waifu/Sources/ohayo.mp4; sourceTree = SOURCE_ROOT; };
		3B2C25CA285605150019E92A /* MainViewController.swift */ = {isa = PBXFileReference; lastKnownFileType = sourcecode.swift; path = MainViewController.swift; sourceTree = "<group>"; };
		3B65FDDB2855E92D0037B874 /* waifu.app */ = {isa = PBXFileReference; explicitFileType = wrapper.application; includeInIndex = 0; path = waifu.app; sourceTree = BUILT_PRODUCTS_DIR; };
		3B65FDDE2855E92D0037B874 /* AppDelegate.swift */ = {isa = PBXFileReference; lastKnownFileType = sourcecode.swift; path = AppDelegate.swift; sourceTree = "<group>"; };
		3B65FDE02855E92D0037B874 /* SceneDelegate.swift */ = {isa = PBXFileReference; lastKnownFileType = sourcecode.swift; path = SceneDelegate.swift; sourceTree = "<group>"; };
		3B65FDE22855E92D0037B874 /* LaunchScreen.swift */ = {isa = PBXFileReference; lastKnownFileType = sourcecode.swift; path = LaunchScreen.swift; sourceTree = "<group>"; };
		3B65FDE72855E92F0037B874 /* Assets.xcassets */ = {isa = PBXFileReference; lastKnownFileType = folder.assetcatalog; path = Assets.xcassets; sourceTree = "<group>"; };
		3B65FDEC2855E92F0037B874 /* Info.plist */ = {isa = PBXFileReference; lastKnownFileType = text.plist.xml; path = Info.plist; sourceTree = "<group>"; };
		3BA220B62857DFC500AEF859 /* longDance.mp4 */ = {isa = PBXFileReference; lastKnownFileType = file; name = longDance.mp4; path = waifu_project_pics/longDance.mp4; sourceTree = SOURCE_ROOT; };
		3BA220B82857E15500AEF859 /* dance.mp4 */ = {isa = PBXFileReference; lastKnownFileType = file; name = dance.mp4; path = waifu_project_pics/dance.mp4; sourceTree = SOURCE_ROOT; };
		3BA220BA2857E62500AEF859 /* dahlingOhayo.mp3 */ = {isa = PBXFileReference; lastKnownFileType = audio.mp3; name = dahlingOhayo.mp3; path = waifu_project_pics/dahlingOhayo.mp3; sourceTree = SOURCE_ROOT; };
		3BD340F428590BF80071EF08 /* hearteater.mp4 */ = {isa = PBXFileReference; lastKnownFileType = file; name = hearteater.mp4; path = waifu_project_pics/hearteater.mp4; sourceTree = SOURCE_ROOT; };
/* End PBXFileReference section */

/* Begin PBXFrameworksBuildPhase section */
		3B65FDD82855E92D0037B874 /* Frameworks */ = {
			isa = PBXFrameworksBuildPhase;
			buildActionMask = 2147483647;
			files = (
			);
			runOnlyForDeploymentPostprocessing = 0;
		};
/* End PBXFrameworksBuildPhase section */

/* Begin PBXGroup section */
		3B2C25CC2856137D0019E92A /* Sources */ = {
			isa = PBXGroup;
			children = (
				3BA220B82857E15500AEF859 /* dance.mp4 */,
				3BA220B62857DFC500AEF859 /* longDance.mp4 */,
				3BD340F428590BF80071EF08 /* hearteater.mp4 */,
				3B2C25C8285603F00019E92A /* ohayo.mp4 */,
				3BA220BA2857E62500AEF859 /* dahlingOhayo.mp3 */,
			);
			path = Sources;
			sourceTree = "<group>";
		};
		3B2C25CD2856138B0019E92A /* Supporting files */ = {
			isa = PBXGroup;
			children = (
				3B65FDDE2855E92D0037B874 /* AppDelegate.swift */,
				3B65FDE02855E92D0037B874 /* SceneDelegate.swift */,
			);
			path = "Supporting files";
			sourceTree = "<group>";
		};
		3B2C25CE285613CB0019E92A /* Screens */ = {
			isa = PBXGroup;
			children = (
				3B65FDE22855E92D0037B874 /* LaunchScreen.swift */,
				3B2C25CA285605150019E92A /* MainViewController.swift */,
			);
			path = Screens;
			sourceTree = "<group>";
		};
		3B65FDD22855E92D0037B874 = {
			isa = PBXGroup;
			children = (
				3B65FDDD2855E92D0037B874 /* waifu */,
				3B65FDDC2855E92D0037B874 /* Products */,
			);
			sourceTree = "<group>";
		};
		3B65FDDC2855E92D0037B874 /* Products */ = {
			isa = PBXGroup;
			children = (
				3B65FDDB2855E92D0037B874 /* waifu.app */,
			);
			name = Products;
			sourceTree = "<group>";
		};
		3B65FDDD2855E92D0037B874 /* waifu */ = {
			isa = PBXGroup;
			children = (
				3B2C25CD2856138B0019E92A /* Supporting files */,
				3B2C25CC2856137D0019E92A /* Sources */,
				3B2C25CE285613CB0019E92A /* Screens */,
				3B65FDE72855E92F0037B874 /* Assets.xcassets */,
				3B65FDEC2855E92F0037B874 /* Info.plist */,
			);
			path = waifu;
			sourceTree = "<group>";
		};
/* End PBXGroup section */

/* Begin PBXNativeTarget section */
		3B65FDDA2855E92D0037B874 /* waifu */ = {
			isa = PBXNativeTarget;
			buildConfigurationList = 3B65FDEF2855E92F0037B874 /* Build configuration list for PBXNativeTarget "waifu" */;
			buildPhases = (
				3B65FDD72855E92D0037B874 /* Sources */,
				3B65FDD82855E92D0037B874 /* Frameworks */,
				3B65FDD92855E92D0037B874 /* Resources */,
			);
			buildRules = (
			);
			dependencies = (
			);
			name = waifu;
			productName = girlfriend;
			productReference = 3B65FDDB2855E92D0037B874 /* waifu.app */;
			productType = "com.apple.product-type.application";
		};
/* End PBXNativeTarget section */

/* Begin PBXProject section */
		3B65FDD32855E92D0037B874 /* Project object */ = {
			isa = PBXProject;
			attributes = {
				BuildIndependentTargetsInParallel = 1;
				LastSwiftUpdateCheck = 1330;
				LastUpgradeCheck = 1330;
				TargetAttributes = {
					3B65FDDA2855E92D0037B874 = {
						CreatedOnToolsVersion = 13.3.1;
					};
				};
			};
			buildConfigurationList = 3B65FDD62855E92D0037B874 /* Build configuration list for PBXProject "waifu" */;
			compatibilityVersion = "Xcode 13.0";
			developmentRegion = en;
			hasScannedForEncodings = 0;
			knownRegions = (
				en,
				Base,
			);
			mainGroup = 3B65FDD22855E92D0037B874;
			productRefGroup = 3B65FDDC2855E92D0037B874 /* Products */;
			projectDirPath = "";
			projectRoot = "";
			targets = (
				3B65FDDA2855E92D0037B874 /* waifu */,
			);
		};
/* End PBXProject section */

/* Begin PBXResourcesBuildPhase section */
		3B65FDD92855E92D0037B874 /* Resources */ = {
			isa = PBXResourcesBuildPhase;
			buildActionMask = 2147483647;
			files = (
				3BA220BB2857E62500AEF859 /* dahlingOhayo.mp3 in Resources */,
				3BA220B72857DFC500AEF859 /* longDance.mp4 in Resources */,
				3B2C25C9285603F00019E92A /* ohayo.mp4 in Resources */,
				3B65FDE82855E92F0037B874 /* Assets.xcassets in Resources */,
				3BD340F528590BF80071EF08 /* hearteater.mp4 in Resources */,
				3BA220B92857E15500AEF859 /* dance.mp4 in Resources */,
			);
			runOnlyForDeploymentPostprocessing = 0;
		};
/* End PBXResourcesBuildPhase section */

/* Begin PBXSourcesBuildPhase section */
		3B65FDD72855E92D0037B874 /* Sources */ = {
			isa = PBXSourcesBuildPhase;
			buildActionMask = 2147483647;
			files = (
				3B2C25CB285605150019E92A /* MainViewController.swift in Sources */,
				3B65FDE32855E92D0037B874 /* LaunchScreen.swift in Sources */,
				3B65FDDF2855E92D0037B874 /* AppDelegate.swift in Sources */,
				3B65FDE12855E92D0037B874 /* SceneDelegate.swift in Sources */,
			);
			runOnlyForDeploymentPostprocessing = 0;
		};
/* End PBXSourcesBuildPhase section */

/* Begin XCBuildConfiguration section */
		3B65FDED2855E92F0037B874 /* Debug */ = {
			isa = XCBuildConfiguration;
			buildSettings = {
				ALWAYS_SEARCH_USER_PATHS = NO;
				CLANG_ANALYZER_NONNULL = YES;
				CLANG_ANALYZER_NUMBER_OBJECT_CONVERSION = YES_AGGRESSIVE;
				CLANG_CXX_LANGUAGE_STANDARD = "gnu++17";
				CLANG_ENABLE_MODULES = YES;
				CLANG_ENABLE_OBJC_ARC = YES;
				CLANG_ENABLE_OBJC_WEAK = YES;
				CLANG_WARN_BLOCK_CAPTURE_AUTORELEASING = YES;
				CLANG_WARN_BOOL_CONVERSION = YES;
				CLANG_WARN_COMMA = YES;
				CLANG_WARN_CONSTANT_CONVERSION = YES;
				CLANG_WARN_DEPRECATED_OBJC_IMPLEMENTATIONS = YES;
				CLANG_WARN_DIRECT_OBJC_ISA_USAGE = YES_ERROR;
				CLANG_WARN_DOCUMENTATION_COMMENTS = YES;
				CLANG_WARN_EMPTY_BODY = YES;
				CLANG_WARN_ENUM_CONVERSION = YES;
				CLANG_WARN_INFINITE_RECURSION = YES;
				CLANG_WARN_INT_CONVERSION = YES;
				CLANG_WARN_NON_LITERAL_NULL_CONVERSION = YES;
				CLANG_WARN_OBJC_IMPLICIT_RETAIN_SELF = YES;
				CLANG_WARN_OBJC_LITERAL_CONVERSION = YES;
				CLANG_WARN_OBJC_ROOT_CLASS = YES_ERROR;
				CLANG_WARN_QUOTED_INCLUDE_IN_FRAMEWORK_HEADER = YES;
				CLANG_WARN_RANGE_LOOP_ANALYSIS = YES;
				CLANG_WARN_STRICT_PROTOTYPES = YES;
				CLANG_WARN_SUSPICIOUS_MOVE = YES;
				CLANG_WARN_UNGUARDED_AVAILABILITY = YES_AGGRESSIVE;
				CLANG_WARN_UNREACHABLE_CODE = YES;
				CLANG_WARN__DUPLICATE_METHOD_MATCH = YES;
				COPY_PHASE_STRIP = NO;
				DEBUG_INFORMATION_FORMAT = dwarf;
				ENABLE_STRICT_OBJC_MSGSEND = YES;
				ENABLE_TESTABILITY = YES;
				GCC_C_LANGUAGE_STANDARD = gnu11;
				GCC_DYNAMIC_NO_PIC = NO;
				GCC_NO_COMMON_BLOCKS = YES;
				GCC_OPTIMIZATION_LEVEL = 0;
				GCC_PREPROCESSOR_DEFINITIONS = (
					"DEBUG=1",
					"$(inherited)",
				);
				GCC_WARN_64_TO_32_BIT_CONVERSION = YES;
				GCC_WARN_ABOUT_RETURN_TYPE = YES_ERROR;
				GCC_WARN_UNDECLARED_SELECTOR = YES;
				GCC_WARN_UNINITIALIZED_AUTOS = YES_AGGRESSIVE;
				GCC_WARN_UNUSED_FUNCTION = YES;
				GCC_WARN_UNUSED_VARIABLE = YES;
				IPHONEOS_DEPLOYMENT_TARGET = 15.4;
				MTL_ENABLE_DEBUG_INFO = INCLUDE_SOURCE;
				MTL_FAST_MATH = YES;
				ONLY_ACTIVE_ARCH = YES;
				SDKROOT = iphoneos;
				SWIFT_ACTIVE_COMPILATION_CONDITIONS = DEBUG;
				SWIFT_OPTIMIZATION_LEVEL = "-Onone";
			};
			name = Debug;
		};
		3B65FDEE2855E92F0037B874 /* Release */ = {
			isa = XCBuildConfiguration;
			buildSettings = {
				ALWAYS_SEARCH_USER_PATHS = NO;
				CLANG_ANALYZER_NONNULL = YES;
				CLANG_ANALYZER_NUMBER_OBJECT_CONVERSION = YES_AGGRESSIVE;
				CLANG_CXX_LANGUAGE_STANDARD = "gnu++17";
				CLANG_ENABLE_MODULES = YES;
				CLANG_ENABLE_OBJC_ARC = YES;
				CLANG_ENABLE_OBJC_WEAK = YES;
				CLANG_WARN_BLOCK_CAPTURE_AUTORELEASING = YES;
				CLANG_WARN_BOOL_CONVERSION = YES;
				CLANG_WARN_COMMA = YES;
				CLANG_WARN_CONSTANT_CONVERSION = YES;
				CLANG_WARN_DEPRECATED_OBJC_IMPLEMENTATIONS = YES;
				CLANG_WARN_DIRECT_OBJC_ISA_USAGE = YES_ERROR;
				CLANG_WARN_DOCUMENTATION_COMMENTS = YES;
				CLANG_WARN_EMPTY_BODY = YES;
				CLANG_WARN_ENUM_CONVERSION = YES;
				CLANG_WARN_INFINITE_RECURSION = YES;
				CLANG_WARN_INT_CONVERSION = YES;
				CLANG_WARN_NON_LITERAL_NULL_CONVERSION = YES;
				CLANG_WARN_OBJC_IMPLICIT_RETAIN_SELF = YES;
				CLANG_WARN_OBJC_LITERAL_CONVERSION = YES;
				CLANG_WARN_OBJC_ROOT_CLASS = YES_ERROR;
				CLANG_WARN_QUOTED_INCLUDE_IN_FRAMEWORK_HEADER = YES;
				CLANG_WARN_RANGE_LOOP_ANALYSIS = YES;
				CLANG_WARN_STRICT_PROTOTYPES = YES;
				CLANG_WARN_SUSPICIOUS_MOVE = YES;
				CLANG_WARN_UNGUARDED_AVAILABILITY = YES_AGGRESSIVE;
				CLANG_WARN_UNREACHABLE_CODE = YES;
				CLANG_WARN__DUPLICATE_METHOD_MATCH = YES;
				COPY_PHASE_STRIP = NO;
				DEBUG_INFORMATION_FORMAT = "dwarf-with-dsym";
				ENABLE_NS_ASSERTIONS = NO;
				ENABLE_STRICT_OBJC_MSGSEND = YES;
				GCC_C_LANGUAGE_STANDARD = gnu11;
				GCC_NO_COMMON_BLOCKS = YES;
				GCC_WARN_64_TO_32_BIT_CONVERSION = YES;
				GCC_WARN_ABOUT_RETURN_TYPE = YES_ERROR;
				GCC_WARN_UNDECLARED_SELECTOR = YES;
				GCC_WARN_UNINITIALIZED_AUTOS = YES_AGGRESSIVE;
				GCC_WARN_UNUSED_FUNCTION = YES;
				GCC_WARN_UNUSED_VARIABLE = YES;
				IPHONEOS_DEPLOYMENT_TARGET = 15.4;
				MTL_ENABLE_DEBUG_INFO = NO;
				MTL_FAST_MATH = YES;
				SDKROOT = iphoneos;
				SWIFT_COMPILATION_MODE = wholemodule;
				SWIFT_OPTIMIZATION_LEVEL = "-O";
				VALIDATE_PRODUCT = YES;
			};
			name = Release;
		};
		3B65FDF02855E92F0037B874 /* Debug */ = {
			isa = XCBuildConfiguration;
			buildSettings = {
				ASSETCATALOG_COMPILER_APPICON_NAME = AppIcon;
				ASSETCATALOG_COMPILER_GLOBAL_ACCENT_COLOR_NAME = AccentColor;
				CODE_SIGN_STYLE = Automatic;
				CURRENT_PROJECT_VERSION = 1;
				DEVELOPMENT_TEAM = WCQRQ8RKJR;
				GENERATE_INFOPLIST_FILE = YES;
				INFOPLIST_FILE = waifu/Info.plist;
				INFOPLIST_KEY_UIApplicationSupportsIndirectInputEvents = YES;
				INFOPLIST_KEY_UILaunchStoryboardName = LaunchScreen;
				INFOPLIST_KEY_UISupportedInterfaceOrientations = UIInterfaceOrientationPortrait;
				INFOPLIST_KEY_UISupportedInterfaceOrientations_iPad = "UIInterfaceOrientationPortrait UIInterfaceOrientationPortraitUpsideDown UIInterfaceOrientationLandscapeLeft UIInterfaceOrientationLandscapeRight";
				INFOPLIST_KEY_UISupportedInterfaceOrientations_iPhone = "UIInterfaceOrientationPortrait UIInterfaceOrientationLandscapeLeft UIInterfaceOrientationLandscapeRight";
				LD_RUNPATH_SEARCH_PATHS = (
					"$(inherited)",
					"@executable_path/Frameworks",
				);
				MARKETING_VERSION = 1.0;
				PRODUCT_BUNDLE_IDENTIFIER = com.m00nbek.waifu;
				PRODUCT_NAME = "$(TARGET_NAME)";
				SWIFT_EMIT_LOC_STRINGS = YES;
				SWIFT_VERSION = 5.0;
				TARGETED_DEVICE_FAMILY = 1;
			};
			name = Debug;
		};
		3B65FDF12855E92F0037B874 /* Release */ = {
			isa = XCBuildConfiguration;
			buildSettings = {
				ASSETCATALOG_COMPILER_APPICON_NAME = AppIcon;
				ASSETCATALOG_COMPILER_GLOBAL_ACCENT_COLOR_NAME = AccentColor;
				CODE_SIGN_STYLE = Automatic;
				CURRENT_PROJECT_VERSION = 1;
				DEVELOPMENT_TEAM = WCQRQ8RKJR;
				GENERATE_INFOPLIST_FILE = YES;
				INFOPLIST_FILE = waifu/Info.plist;
				INFOPLIST_KEY_UIApplicationSupportsIndirectInputEvents = YES;
				INFOPLIST_KEY_UILaunchStoryboardName = LaunchScreen;
				INFOPLIST_KEY_UISupportedInterfaceOrientations = UIInterfaceOrientationPortrait;
				INFOPLIST_KEY_UISupportedInterfaceOrientations_iPad = "UIInterfaceOrientationPortrait UIInterfaceOrientationPortraitUpsideDown UIInterfaceOrientationLandscapeLeft UIInterfaceOrientationLandscapeRight";
				INFOPLIST_KEY_UISupportedInterfaceOrientations_iPhone = "UIInterfaceOrientationPortrait UIInterfaceOrientationLandscapeLeft UIInterfaceOrientationLandscapeRight";
				LD_RUNPATH_SEARCH_PATHS = (
					"$(inherited)",
					"@executable_path/Frameworks",
				);
				MARKETING_VERSION = 1.0;
				PRODUCT_BUNDLE_IDENTIFIER = com.m00nbek.waifu;
				PRODUCT_NAME = "$(TARGET_NAME)";
				SWIFT_EMIT_LOC_STRINGS = YES;
				SWIFT_VERSION = 5.0;
				TARGETED_DEVICE_FAMILY = 1;
			};
			name = Release;
		};
/* End XCBuildConfiguration section */

/* Begin XCConfigurationList section */
		3B65FDD62855E92D0037B874 /* Build configuration list for PBXProject "waifu" */ = {
			isa = XCConfigurationList;
			buildConfigurations = (
				3B65FDED2855E92F0037B874 /* Debug */,
				3B65FDEE2855E92F0037B874 /* Release */,
			);
			defaultConfigurationIsVisible = 0;
			defaultConfigurationName = Release;
		};
		3B65FDEF2855E92F0037B874 /* Build configuration list for PBXNativeTarget "waifu" */ = {
			isa = XCConfigurationList;
			buildConfigurations = (
				3B65FDF02855E92F0037B874 /* Debug */,
				3B65FDF12855E92F0037B874 /* Release */,
			);
			defaultConfigurationIsVisible = 0;
			defaultConfigurationName = Release;
		};
/* End XCConfigurationList section */
	};
	rootObject = 3B65FDD32855E92D0037B874 /* Project object */;
}
